// !$*UTF8*$!
{
	archiveVersion = 1;
	classes = {
	};
	objectVersion = 46;
	objects = {

/* Begin PBXBuildFile section */
		DD026D0314F2EB4D00BCBFDA /* Cocoa.framework in Frameworks */ = {isa = PBXBuildFile; fileRef = DD026D0214F2EB4D00BCBFDA /* Cocoa.framework */; };
		DD026D0D14F2EB4D00BCBFDA /* InfoPlist.strings in Resources */ = {isa = PBXBuildFile; fileRef = DD026D0B14F2EB4D00BCBFDA /* InfoPlist.strings */; };
		DD026D0F14F2EB4D00BCBFDA /* main.m in Sources */ = {isa = PBXBuildFile; fileRef = DD026D0E14F2EB4D00BCBFDA /* main.m */; };
		DD026D1314F2EB4D00BCBFDA /* Credits.rtf in Resources */ = {isa = PBXBuildFile; fileRef = DD026D1114F2EB4D00BCBFDA /* Credits.rtf */; };
		DD026D1614F2EB4D00BCBFDA /* AppDelegate.mm in Sources */ = {isa = PBXBuildFile; fileRef = DD026D1514F2EB4D00BCBFDA /* AppDelegate.mm */; };
		DD026D1914F2EB4D00BCBFDA /* MainMenu.xib in Resources */ = {isa = PBXBuildFile; fileRef = DD026D1714F2EB4D00BCBFDA /* MainMenu.xib */; };
		DD37E25314F6CB4E0024AD53 /* Documentation.html in Resources */ = {isa = PBXBuildFile; fileRef = DD37E18714F6CB4D0024AD53 /* Documentation.html */; };
		DD37E25414F6CB4E0024AD53 /* GCDAsyncSocket.m in Sources */ = {isa = PBXBuildFile; fileRef = DD37E18914F6CB4D0024AD53 /* GCDAsyncSocket.m */; };
		DD37E25514F6CB4E0024AD53 /* GCDAsyncUdpSocket.m in Sources */ = {isa = PBXBuildFile; fileRef = DD37E18B14F6CB4D0024AD53 /* GCDAsyncUdpSocket.m */; };
		DD37E2C114F6CB880024AD53 /* DDAbstractDatabaseLogger.m in Sources */ = {isa = PBXBuildFile; fileRef = DD37E2B814F6CB880024AD53 /* DDAbstractDatabaseLogger.m */; };
		DD37E2C214F6CB880024AD53 /* DDASLLogger.m in Sources */ = {isa = PBXBuildFile; fileRef = DD37E2BA14F6CB880024AD53 /* DDASLLogger.m */; };
		DD37E2C314F6CB880024AD53 /* DDFileLogger.m in Sources */ = {isa = PBXBuildFile; fileRef = DD37E2BC14F6CB880024AD53 /* DDFileLogger.m */; };
		DD37E2C414F6CB880024AD53 /* DDLog.m in Sources */ = {isa = PBXBuildFile; fileRef = DD37E2BE14F6CB880024AD53 /* DDLog.m */; };
		DD37E2C514F6CB880024AD53 /* DDTTYLogger.m in Sources */ = {isa = PBXBuildFile; fileRef = DD37E2C014F6CB880024AD53 /* DDTTYLogger.m */; };
		DD37E2C714F6CE470024AD53 /* Security.framework in Frameworks */ = {isa = PBXBuildFile; fileRef = DD37E2C614F6CE470024AD53 /* Security.framework */; };
		DDAEB28F14FA6C3E0099768F /* XbeeController.m in Sources */ = {isa = PBXBuildFile; fileRef = DDAEB28E14FA6C3E0099768F /* XbeeController.m */; };
		DDAEB29814FA6DC40099768F /* IOKit.framework in Frameworks */ = {isa = PBXBuildFile; fileRef = DDAEB29714FA6DC40099768F /* IOKit.framework */; };
		DDAEB2B014FA747E0099768F /* AMSerialPort.m in Sources */ = {isa = PBXBuildFile; fileRef = DDAEB2A514FA747E0099768F /* AMSerialPort.m */; };
		DDAEB2B114FA747E0099768F /* AMSerialPort_Deprecated.m in Sources */ = {isa = PBXBuildFile; fileRef = DDAEB2A714FA747E0099768F /* AMSerialPort_Deprecated.m */; };
		DDAEB2B214FA747E0099768F /* AMSerialPortAdditions.m in Sources */ = {isa = PBXBuildFile; fileRef = DDAEB2A914FA747E0099768F /* AMSerialPortAdditions.m */; };
		DDAEB2B314FA747E0099768F /* AMSerialPortList.m in Sources */ = {isa = PBXBuildFile; fileRef = DDAEB2AB14FA747E0099768F /* AMSerialPortList.m */; };
		DDAEB2B414FA747E0099768F /* AMSerialPortList_Deprecated.m in Sources */ = {isa = PBXBuildFile; fileRef = DDAEB2AD14FA747E0099768F /* AMSerialPortList_Deprecated.m */; };
		DDAEB2B514FA747E0099768F /* AMStandardEnumerator.m in Sources */ = {isa = PBXBuildFile; fileRef = DDAEB2AF14FA747E0099768F /* AMStandardEnumerator.m */; };
/* End PBXBuildFile section */

/* Begin PBXFileReference section */
		DD026CFE14F2EB4D00BCBFDA /* LED Suit Controller.app */ = {isa = PBXFileReference; explicitFileType = wrapper.application; includeInIndex = 0; path = "LED Suit Controller.app"; sourceTree = BUILT_PRODUCTS_DIR; };
		DD026D0214F2EB4D00BCBFDA /* Cocoa.framework */ = {isa = PBXFileReference; lastKnownFileType = wrapper.framework; name = Cocoa.framework; path = System/Library/Frameworks/Cocoa.framework; sourceTree = SDKROOT; };
		DD026D0514F2EB4D00BCBFDA /* AppKit.framework */ = {isa = PBXFileReference; lastKnownFileType = wrapper.framework; name = AppKit.framework; path = System/Library/Frameworks/AppKit.framework; sourceTree = SDKROOT; };
		DD026D0614F2EB4D00BCBFDA /* CoreData.framework */ = {isa = PBXFileReference; lastKnownFileType = wrapper.framework; name = CoreData.framework; path = System/Library/Frameworks/CoreData.framework; sourceTree = SDKROOT; };
		DD026D0714F2EB4D00BCBFDA /* Foundation.framework */ = {isa = PBXFileReference; lastKnownFileType = wrapper.framework; name = Foundation.framework; path = System/Library/Frameworks/Foundation.framework; sourceTree = SDKROOT; };
		DD026D0A14F2EB4D00BCBFDA /* LED Suit Controller-Info.plist */ = {isa = PBXFileReference; lastKnownFileType = text.plist.xml; path = "LED Suit Controller-Info.plist"; sourceTree = "<group>"; };
		DD026D0C14F2EB4D00BCBFDA /* en */ = {isa = PBXFileReference; lastKnownFileType = text.plist.strings; name = en; path = en.lproj/InfoPlist.strings; sourceTree = "<group>"; };
		DD026D0E14F2EB4D00BCBFDA /* main.m */ = {isa = PBXFileReference; lastKnownFileType = sourcecode.c.objc; path = main.m; sourceTree = "<group>"; };
		DD026D1014F2EB4D00BCBFDA /* LED Suit Controller-Prefix.pch */ = {isa = PBXFileReference; lastKnownFileType = sourcecode.c.h; path = "LED Suit Controller-Prefix.pch"; sourceTree = "<group>"; };
		DD026D1214F2EB4D00BCBFDA /* en */ = {isa = PBXFileReference; lastKnownFileType = text.rtf; name = en; path = en.lproj/Credits.rtf; sourceTree = "<group>"; };
		DD026D1414F2EB4D00BCBFDA /* AppDelegate.h */ = {isa = PBXFileReference; lastKnownFileType = sourcecode.c.h; path = AppDelegate.h; sourceTree = "<group>"; };
		DD026D1514F2EB4D00BCBFDA /* AppDelegate.mm */ = {isa = PBXFileReference; lastKnownFileType = sourcecode.cpp.objcpp; path = AppDelegate.mm; sourceTree = "<group>"; };
		DD026D1814F2EB4D00BCBFDA /* en */ = {isa = PBXFileReference; lastKnownFileType = file.xib; name = en; path = en.lproj/MainMenu.xib; sourceTree = "<group>"; };
		DD37E18714F6CB4D0024AD53 /* Documentation.html */ = {isa = PBXFileReference; fileEncoding = 4; lastKnownFileType = text.html; path = Documentation.html; sourceTree = "<group>"; };
		DD37E18814F6CB4D0024AD53 /* GCDAsyncSocket.h */ = {isa = PBXFileReference; fileEncoding = 4; lastKnownFileType = sourcecode.c.h; path = GCDAsyncSocket.h; sourceTree = "<group>"; };
		DD37E18914F6CB4D0024AD53 /* GCDAsyncSocket.m */ = {isa = PBXFileReference; fileEncoding = 4; lastKnownFileType = sourcecode.c.objc; path = GCDAsyncSocket.m; sourceTree = "<group>"; };
		DD37E18A14F6CB4D0024AD53 /* GCDAsyncUdpSocket.h */ = {isa = PBXFileReference; fileEncoding = 4; lastKnownFileType = sourcecode.c.h; path = GCDAsyncUdpSocket.h; sourceTree = "<group>"; };
		DD37E18B14F6CB4D0024AD53 /* GCDAsyncUdpSocket.m */ = {isa = PBXFileReference; fileEncoding = 4; lastKnownFileType = sourcecode.c.objc; path = GCDAsyncUdpSocket.m; sourceTree = "<group>"; };
		DD37E2B714F6CB880024AD53 /* DDAbstractDatabaseLogger.h */ = {isa = PBXFileReference; fileEncoding = 4; lastKnownFileType = sourcecode.c.h; path = DDAbstractDatabaseLogger.h; sourceTree = "<group>"; };
		DD37E2B814F6CB880024AD53 /* DDAbstractDatabaseLogger.m */ = {isa = PBXFileReference; fileEncoding = 4; lastKnownFileType = sourcecode.c.objc; path = DDAbstractDatabaseLogger.m; sourceTree = "<group>"; };
		DD37E2B914F6CB880024AD53 /* DDASLLogger.h */ = {isa = PBXFileReference; fileEncoding = 4; lastKnownFileType = sourcecode.c.h; path = DDASLLogger.h; sourceTree = "<group>"; };
		DD37E2BA14F6CB880024AD53 /* DDASLLogger.m */ = {isa = PBXFileReference; fileEncoding = 4; lastKnownFileType = sourcecode.c.objc; path = DDASLLogger.m; sourceTree = "<group>"; };
		DD37E2BB14F6CB880024AD53 /* DDFileLogger.h */ = {isa = PBXFileReference; fileEncoding = 4; lastKnownFileType = sourcecode.c.h; path = DDFileLogger.h; sourceTree = "<group>"; };
		DD37E2BC14F6CB880024AD53 /* DDFileLogger.m */ = {isa = PBXFileReference; fileEncoding = 4; lastKnownFileType = sourcecode.c.objc; path = DDFileLogger.m; sourceTree = "<group>"; };
		DD37E2BD14F6CB880024AD53 /* DDLog.h */ = {isa = PBXFileReference; fileEncoding = 4; lastKnownFileType = sourcecode.c.h; path = DDLog.h; sourceTree = "<group>"; };
		DD37E2BE14F6CB880024AD53 /* DDLog.m */ = {isa = PBXFileReference; fileEncoding = 4; lastKnownFileType = sourcecode.c.objc; path = DDLog.m; sourceTree = "<group>"; };
		DD37E2BF14F6CB880024AD53 /* DDTTYLogger.h */ = {isa = PBXFileReference; fileEncoding = 4; lastKnownFileType = sourcecode.c.h; path = DDTTYLogger.h; sourceTree = "<group>"; };
		DD37E2C014F6CB880024AD53 /* DDTTYLogger.m */ = {isa = PBXFileReference; fileEncoding = 4; lastKnownFileType = sourcecode.c.objc; path = DDTTYLogger.m; sourceTree = "<group>"; };
		DD37E2C614F6CE470024AD53 /* Security.framework */ = {isa = PBXFileReference; lastKnownFileType = wrapper.framework; name = Security.framework; path = System/Library/Frameworks/Security.framework; sourceTree = SDKROOT; };
		DD8CDECF14F2F1A100988BB3 /* libola.dylib */ = {isa = PBXFileReference; lastKnownFileType = "compiled.mach-o.dylib"; name = libola.dylib; path = usr/local/lib/libola.dylib; sourceTree = SDKROOT; };
		DD8CDED114F2F1AA00988BB3 /* libprotobuf.dylib */ = {isa = PBXFileReference; lastKnownFileType = "compiled.mach-o.dylib"; name = libprotobuf.dylib; path = usr/local/lib/libprotobuf.dylib; sourceTree = SDKROOT; };
		DD8CDED314F2F1B200988BB3 /* libolacommon.dylib */ = {isa = PBXFileReference; lastKnownFileType = "compiled.mach-o.dylib"; name = libolacommon.dylib; path = usr/local/lib/libolacommon.dylib; sourceTree = SDKROOT; };
		DDAEB28D14FA6C3E0099768F /* XbeeController.h */ = {isa = PBXFileReference; fileEncoding = 4; lastKnownFileType = sourcecode.c.h; path = XbeeController.h; sourceTree = "<group>"; };
		DDAEB28E14FA6C3E0099768F /* XbeeController.m */ = {isa = PBXFileReference; fileEncoding = 4; lastKnownFileType = sourcecode.c.objc; path = XbeeController.m; sourceTree = "<group>"; };
		DDAEB29714FA6DC40099768F /* IOKit.framework */ = {isa = PBXFileReference; lastKnownFileType = wrapper.framework; name = IOKit.framework; path = System/Library/Frameworks/IOKit.framework; sourceTree = SDKROOT; };
		DDAEB2A214FA747E0099768F /* AMSDKCompatibility.h */ = {isa = PBXFileReference; fileEncoding = 4; lastKnownFileType = sourcecode.c.h; path = AMSDKCompatibility.h; sourceTree = "<group>"; };
		DDAEB2A314FA747E0099768F /* AMSerialErrors.h */ = {isa = PBXFileReference; fileEncoding = 4; lastKnownFileType = sourcecode.c.h; path = AMSerialErrors.h; sourceTree = "<group>"; };
		DDAEB2A414FA747E0099768F /* AMSerialPort.h */ = {isa = PBXFileReference; fileEncoding = 4; lastKnownFileType = sourcecode.c.h; path = AMSerialPort.h; sourceTree = "<group>"; };
		DDAEB2A514FA747E0099768F /* AMSerialPort.m */ = {isa = PBXFileReference; fileEncoding = 4; lastKnownFileType = sourcecode.c.objc; path = AMSerialPort.m; sourceTree = "<group>"; };
		DDAEB2A614FA747E0099768F /* AMSerialPort_Deprecated.h */ = {isa = PBXFileReference; fileEncoding = 4; lastKnownFileType = sourcecode.c.h; path = AMSerialPort_Deprecated.h; sourceTree = "<group>"; };
		DDAEB2A714FA747E0099768F /* AMSerialPort_Deprecated.m */ = {isa = PBXFileReference; fileEncoding = 4; lastKnownFileType = sourcecode.c.objc; path = AMSerialPort_Deprecated.m; sourceTree = "<group>"; };
		DDAEB2A814FA747E0099768F /* AMSerialPortAdditions.h */ = {isa = PBXFileReference; fileEncoding = 4; lastKnownFileType = sourcecode.c.h; path = AMSerialPortAdditions.h; sourceTree = "<group>"; };
		DDAEB2A914FA747E0099768F /* AMSerialPortAdditions.m */ = {isa = PBXFileReference; fileEncoding = 4; lastKnownFileType = sourcecode.c.objc; path = AMSerialPortAdditions.m; sourceTree = "<group>"; };
		DDAEB2AA14FA747E0099768F /* AMSerialPortList.h */ = {isa = PBXFileReference; fileEncoding = 4; lastKnownFileType = sourcecode.c.h; path = AMSerialPortList.h; sourceTree = "<group>"; };
		DDAEB2AB14FA747E0099768F /* AMSerialPortList.m */ = {isa = PBXFileReference; fileEncoding = 4; lastKnownFileType = sourcecode.c.objc; path = AMSerialPortList.m; sourceTree = "<group>"; };
		DDAEB2AC14FA747E0099768F /* AMSerialPortList_Deprecated.h */ = {isa = PBXFileReference; fileEncoding = 4; lastKnownFileType = sourcecode.c.h; path = AMSerialPortList_Deprecated.h; sourceTree = "<group>"; };
		DDAEB2AD14FA747E0099768F /* AMSerialPortList_Deprecated.m */ = {isa = PBXFileReference; fileEncoding = 4; lastKnownFileType = sourcecode.c.objc; path = AMSerialPortList_Deprecated.m; sourceTree = "<group>"; };
		DDAEB2AE14FA747E0099768F /* AMStandardEnumerator.h */ = {isa = PBXFileReference; fileEncoding = 4; lastKnownFileType = sourcecode.c.h; path = AMStandardEnumerator.h; sourceTree = "<group>"; };
		DDAEB2AF14FA747E0099768F /* AMStandardEnumerator.m */ = {isa = PBXFileReference; fileEncoding = 4; lastKnownFileType = sourcecode.c.objc; path = AMStandardEnumerator.m; sourceTree = "<group>"; };
/* End PBXFileReference section */

/* Begin PBXFrameworksBuildPhase section */
		DD026CFB14F2EB4D00BCBFDA /* Frameworks */ = {
			isa = PBXFrameworksBuildPhase;
			buildActionMask = 2147483647;
			files = (
				DDAEB29814FA6DC40099768F /* IOKit.framework in Frameworks */,
				DD37E2C714F6CE470024AD53 /* Security.framework in Frameworks */,
				DD026D0314F2EB4D00BCBFDA /* Cocoa.framework in Frameworks */,
			);
			runOnlyForDeploymentPostprocessing = 0;
		};
/* End PBXFrameworksBuildPhase section */

/* Begin PBXGroup section */
		DD026CF314F2EB4D00BCBFDA = {
			isa = PBXGroup;
			children = (
				DDAEB29714FA6DC40099768F /* IOKit.framework */,
				DD37E2C614F6CE470024AD53 /* Security.framework */,
				DD026D0814F2EB4D00BCBFDA /* LED Suit Controller */,
				DD026D0114F2EB4D00BCBFDA /* Frameworks */,
				DD026CFF14F2EB4D00BCBFDA /* Products */,
			);
			sourceTree = "<group>";
		};
		DD026CFF14F2EB4D00BCBFDA /* Products */ = {
			isa = PBXGroup;
			children = (
				DD026CFE14F2EB4D00BCBFDA /* LED Suit Controller.app */,
			);
			name = Products;
			sourceTree = "<group>";
		};
		DD026D0114F2EB4D00BCBFDA /* Frameworks */ = {
			isa = PBXGroup;
			children = (
				DDAEB2A114FA747E0099768F /* SerialStuff */,
				DD37E2B614F6CB880024AD53 /* CocoaLumberjack */,
				DD37E18614F6CB4D0024AD53 /* GCD */,
				DD026D0214F2EB4D00BCBFDA /* Cocoa.framework */,
				DD026D0414F2EB4D00BCBFDA /* Other Frameworks */,
			);
			name = Frameworks;
			sourceTree = "<group>";
		};
		DD026D0414F2EB4D00BCBFDA /* Other Frameworks */ = {
			isa = PBXGroup;
			children = (
				DD8CDED314F2F1B200988BB3 /* libolacommon.dylib */,
				DD8CDED114F2F1AA00988BB3 /* libprotobuf.dylib */,
				DD8CDECF14F2F1A100988BB3 /* libola.dylib */,
				DD026D0514F2EB4D00BCBFDA /* AppKit.framework */,
				DD026D0614F2EB4D00BCBFDA /* CoreData.framework */,
				DD026D0714F2EB4D00BCBFDA /* Foundation.framework */,
			);
			name = "Other Frameworks";
			sourceTree = "<group>";
		};
		DD026D0814F2EB4D00BCBFDA /* LED Suit Controller */ = {
			isa = PBXGroup;
			children = (
				DD026D1414F2EB4D00BCBFDA /* AppDelegate.h */,
				DD026D1514F2EB4D00BCBFDA /* AppDelegate.mm */,
				DD026D1714F2EB4D00BCBFDA /* MainMenu.xib */,
				DD026D0914F2EB4D00BCBFDA /* Supporting Files */,
				DDAEB28D14FA6C3E0099768F /* XbeeController.h */,
				DDAEB28E14FA6C3E0099768F /* XbeeController.m */,
			);
			path = "LED Suit Controller";
			sourceTree = "<group>";
		};
		DD026D0914F2EB4D00BCBFDA /* Supporting Files */ = {
			isa = PBXGroup;
			children = (
				DD026D0A14F2EB4D00BCBFDA /* LED Suit Controller-Info.plist */,
				DD026D0B14F2EB4D00BCBFDA /* InfoPlist.strings */,
				DD026D0E14F2EB4D00BCBFDA /* main.m */,
				DD026D1014F2EB4D00BCBFDA /* LED Suit Controller-Prefix.pch */,
				DD026D1114F2EB4D00BCBFDA /* Credits.rtf */,
			);
			name = "Supporting Files";
			sourceTree = "<group>";
		};
		DD37E18614F6CB4D0024AD53 /* GCD */ = {
			isa = PBXGroup;
			children = (
				DD37E18714F6CB4D0024AD53 /* Documentation.html */,
				DD37E18814F6CB4D0024AD53 /* GCDAsyncSocket.h */,
				DD37E18914F6CB4D0024AD53 /* GCDAsyncSocket.m */,
				DD37E18A14F6CB4D0024AD53 /* GCDAsyncUdpSocket.h */,
				DD37E18B14F6CB4D0024AD53 /* GCDAsyncUdpSocket.m */,
			);
			name = GCD;
			path = Frameworks/CocoaAsyncSocket/GCD;
			sourceTree = "<group>";
		};
		DD37E2B614F6CB880024AD53 /* CocoaLumberjack */ = {
			isa = PBXGroup;
			children = (
				DD37E2B714F6CB880024AD53 /* DDAbstractDatabaseLogger.h */,
				DD37E2B814F6CB880024AD53 /* DDAbstractDatabaseLogger.m */,
				DD37E2B914F6CB880024AD53 /* DDASLLogger.h */,
				DD37E2BA14F6CB880024AD53 /* DDASLLogger.m */,
				DD37E2BB14F6CB880024AD53 /* DDFileLogger.h */,
				DD37E2BC14F6CB880024AD53 /* DDFileLogger.m */,
				DD37E2BD14F6CB880024AD53 /* DDLog.h */,
				DD37E2BE14F6CB880024AD53 /* DDLog.m */,
				DD37E2BF14F6CB880024AD53 /* DDTTYLogger.h */,
				DD37E2C014F6CB880024AD53 /* DDTTYLogger.m */,
			);
			name = CocoaLumberjack;
			path = Frameworks/CocoaAsyncSocket/Vendor/CocoaLumberjack;
			sourceTree = "<group>";
		};
		DDAEB2A114FA747E0099768F /* SerialStuff */ = {
			isa = PBXGroup;
			children = (
				DDAEB2A214FA747E0099768F /* AMSDKCompatibility.h */,
				DDAEB2A314FA747E0099768F /* AMSerialErrors.h */,
				DDAEB2A414FA747E0099768F /* AMSerialPort.h */,
				DDAEB2A514FA747E0099768F /* AMSerialPort.m */,
				DDAEB2A614FA747E0099768F /* AMSerialPort_Deprecated.h */,
				DDAEB2A714FA747E0099768F /* AMSerialPort_Deprecated.m */,
				DDAEB2A814FA747E0099768F /* AMSerialPortAdditions.h */,
				DDAEB2A914FA747E0099768F /* AMSerialPortAdditions.m */,
				DDAEB2AA14FA747E0099768F /* AMSerialPortList.h */,
				DDAEB2AB14FA747E0099768F /* AMSerialPortList.m */,
				DDAEB2AC14FA747E0099768F /* AMSerialPortList_Deprecated.h */,
				DDAEB2AD14FA747E0099768F /* AMSerialPortList_Deprecated.m */,
				DDAEB2AE14FA747E0099768F /* AMStandardEnumerator.h */,
				DDAEB2AF14FA747E0099768F /* AMStandardEnumerator.m */,
			);
			name = SerialStuff;
			path = SharedCode;
			sourceTree = "<group>";
		};
/* End PBXGroup section */

/* Begin PBXNativeTarget section */
		DD026CFD14F2EB4D00BCBFDA /* LED Suit Controller */ = {
			isa = PBXNativeTarget;
			buildConfigurationList = DD026D1C14F2EB4D00BCBFDA /* Build configuration list for PBXNativeTarget "LED Suit Controller" */;
			buildPhases = (
				DD026CFA14F2EB4D00BCBFDA /* Sources */,
				DD026CFB14F2EB4D00BCBFDA /* Frameworks */,
				DD026CFC14F2EB4D00BCBFDA /* Resources */,
			);
			buildRules = (
			);
			dependencies = (
			);
			name = "LED Suit Controller";
			productName = "LED Suit Controller";
			productReference = DD026CFE14F2EB4D00BCBFDA /* LED Suit Controller.app */;
			productType = "com.apple.product-type.application";
		};
/* End PBXNativeTarget section */

/* Begin PBXProject section */
		DD026CF514F2EB4D00BCBFDA /* Project object */ = {
			isa = PBXProject;
			attributes = {
				LastUpgradeCheck = 0420;
				ORGANIZATIONNAME = HalfdanJ;
			};
			buildConfigurationList = DD026CF814F2EB4D00BCBFDA /* Build configuration list for PBXProject "LED Suit Controller" */;
			compatibilityVersion = "Xcode 3.2";
			developmentRegion = English;
			hasScannedForEncodings = 0;
			knownRegions = (
				en,
				English,
			);
			mainGroup = DD026CF314F2EB4D00BCBFDA;
			productRefGroup = DD026CFF14F2EB4D00BCBFDA /* Products */;
			projectDirPath = "";
			projectRoot = "";
			targets = (
				DD026CFD14F2EB4D00BCBFDA /* LED Suit Controller */,
			);
		};
/* End PBXProject section */

/* Begin PBXResourcesBuildPhase section */
		DD026CFC14F2EB4D00BCBFDA /* Resources */ = {
			isa = PBXResourcesBuildPhase;
			buildActionMask = 2147483647;
			files = (
				DD026D0D14F2EB4D00BCBFDA /* InfoPlist.strings in Resources */,
				DD026D1314F2EB4D00BCBFDA /* Credits.rtf in Resources */,
				DD026D1914F2EB4D00BCBFDA /* MainMenu.xib in Resources */,
				DD37E25314F6CB4E0024AD53 /* Documentation.html in Resources */,
			);
			runOnlyForDeploymentPostprocessing = 0;
		};
/* End PBXResourcesBuildPhase section */

/* Begin PBXSourcesBuildPhase section */
		DD026CFA14F2EB4D00BCBFDA /* Sources */ = {
			isa = PBXSourcesBuildPhase;
			buildActionMask = 2147483647;
			files = (
				DD026D0F14F2EB4D00BCBFDA /* main.m in Sources */,
				DD026D1614F2EB4D00BCBFDA /* AppDelegate.mm in Sources */,
				DD37E25414F6CB4E0024AD53 /* GCDAsyncSocket.m in Sources */,
				DD37E25514F6CB4E0024AD53 /* GCDAsyncUdpSocket.m in Sources */,
				DD37E2C114F6CB880024AD53 /* DDAbstractDatabaseLogger.m in Sources */,
				DD37E2C214F6CB880024AD53 /* DDASLLogger.m in Sources */,
				DD37E2C314F6CB880024AD53 /* DDFileLogger.m in Sources */,
				DD37E2C414F6CB880024AD53 /* DDLog.m in Sources */,
				DD37E2C514F6CB880024AD53 /* DDTTYLogger.m in Sources */,
				DDAEB28F14FA6C3E0099768F /* XbeeController.m in Sources */,
				DDAEB2B014FA747E0099768F /* AMSerialPort.m in Sources */,
				DDAEB2B114FA747E0099768F /* AMSerialPort_Deprecated.m in Sources */,
				DDAEB2B214FA747E0099768F /* AMSerialPortAdditions.m in Sources */,
				DDAEB2B314FA747E0099768F /* AMSerialPortList.m in Sources */,
				DDAEB2B414FA747E0099768F /* AMSerialPortList_Deprecated.m in Sources */,
				DDAEB2B514FA747E0099768F /* AMStandardEnumerator.m in Sources */,
			);
			runOnlyForDeploymentPostprocessing = 0;
		};
/* End PBXSourcesBuildPhase section */

/* Begin PBXVariantGroup section */
		DD026D0B14F2EB4D00BCBFDA /* InfoPlist.strings */ = {
			isa = PBXVariantGroup;
			children = (
				DD026D0C14F2EB4D00BCBFDA /* en */,
			);
			name = InfoPlist.strings;
			sourceTree = "<group>";
		};
		DD026D1114F2EB4D00BCBFDA /* Credits.rtf */ = {
			isa = PBXVariantGroup;
			children = (
				DD026D1214F2EB4D00BCBFDA /* en */,
			);
			name = Credits.rtf;
			sourceTree = "<group>";
		};
		DD026D1714F2EB4D00BCBFDA /* MainMenu.xib */ = {
			isa = PBXVariantGroup;
			children = (
				DD026D1814F2EB4D00BCBFDA /* en */,
			);
			name = MainMenu.xib;
			sourceTree = "<group>";
		};
/* End PBXVariantGroup section */

/* Begin XCBuildConfiguration section */
		DD026D1A14F2EB4D00BCBFDA /* Debug */ = {
			isa = XCBuildConfiguration;
			buildSettings = {
				ALWAYS_SEARCH_USER_PATHS = NO;
				ARCHS = "$(ARCHS_STANDARD_64_BIT)";
				COPY_PHASE_STRIP = NO;
				GCC_C_LANGUAGE_STANDARD = gnu99;
				GCC_DYNAMIC_NO_PIC = NO;
				GCC_ENABLE_OBJC_EXCEPTIONS = YES;
				GCC_OPTIMIZATION_LEVEL = 0;
				GCC_PREPROCESSOR_DEFINITIONS = (
					"DEBUG=1",
					"$(inherited)",
				);
				GCC_SYMBOLS_PRIVATE_EXTERN = NO;
				GCC_VERSION = com.apple.compilers.llvm.clang.1_0;
				GCC_WARN_64_TO_32_BIT_CONVERSION = YES;
				GCC_WARN_ABOUT_MISSING_PROTOTYPES = YES;
				GCC_WARN_ABOUT_RETURN_TYPE = YES;
				GCC_WARN_UNUSED_VARIABLE = YES;
				MACOSX_DEPLOYMENT_TARGET = 10.7;
				ONLY_ACTIVE_ARCH = YES;
				SDKROOT = macosx10.7;
			};
			name = Debug;
		};
		DD026D1B14F2EB4D00BCBFDA /* Release */ = {
			isa = XCBuildConfiguration;
			buildSettings = {
				ALWAYS_SEARCH_USER_PATHS = NO;
				ARCHS = "$(ARCHS_STANDARD_64_BIT)";
				COPY_PHASE_STRIP = YES;
				DEBUG_INFORMATION_FORMAT = "dwarf-with-dsym";
				GCC_C_LANGUAGE_STANDARD = gnu99;
				GCC_ENABLE_OBJC_EXCEPTIONS = YES;
				GCC_VERSION = com.apple.compilers.llvm.clang.1_0;
				GCC_WARN_64_TO_32_BIT_CONVERSION = YES;
				GCC_WARN_ABOUT_MISSING_PROTOTYPES = YES;
				GCC_WARN_ABOUT_RETURN_TYPE = YES;
				GCC_WARN_UNUSED_VARIABLE = YES;
				MACOSX_DEPLOYMENT_TARGET = 10.7;
				SDKROOT = macosx10.7;
			};
			name = Release;
		};
		DD026D1D14F2EB4D00BCBFDA /* Debug */ = {
			isa = XCBuildConfiguration;
			buildSettings = {
				GCC_ENABLE_OBJC_GC = unsupported;
				GCC_PRECOMPILE_PREFIX_HEADER = YES;
				GCC_PREFIX_HEADER = "LED Suit Controller/LED Suit Controller-Prefix.pch";
				INFOPLIST_FILE = "LED Suit Controller/LED Suit Controller-Info.plist";
				MACOSX_DEPLOYMENT_TARGET = 10.6;
				PRODUCT_NAME = "$(TARGET_NAME)";
				WRAPPER_EXTENSION = app;
			};
			name = Debug;
		};
		DD026D1E14F2EB4D00BCBFDA /* Release */ = {
			isa = XCBuildConfiguration;
			buildSettings = {
				GCC_ENABLE_OBJC_GC = unsupported;
				GCC_PRECOMPILE_PREFIX_HEADER = YES;
				GCC_PREFIX_HEADER = "LED Suit Controller/LED Suit Controller-Prefix.pch";
				INFOPLIST_FILE = "LED Suit Controller/LED Suit Controller-Info.plist";
				MACOSX_DEPLOYMENT_TARGET = 10.6;
				PRODUCT_NAME = "$(TARGET_NAME)";
				WRAPPER_EXTENSION = app;
			};
			name = Release;
		};
/* End XCBuildConfiguration section */

/* Begin XCConfigurationList section */
		DD026CF814F2EB4D00BCBFDA /* Build configuration list for PBXProject "LED Suit Controller" */ = {
			isa = XCConfigurationList;
			buildConfigurations = (
				DD026D1A14F2EB4D00BCBFDA /* Debug */,
				DD026D1B14F2EB4D00BCBFDA /* Release */,
			);
			defaultConfigurationIsVisible = 0;
			defaultConfigurationName = Release;
		};
		DD026D1C14F2EB4D00BCBFDA /* Build configuration list for PBXNativeTarget "LED Suit Controller" */ = {
			isa = XCConfigurationList;
			buildConfigurations = (
				DD026D1D14F2EB4D00BCBFDA /* Debug */,
				DD026D1E14F2EB4D00BCBFDA /* Release */,
			);
			defaultConfigurationIsVisible = 0;
			defaultConfigurationName = Release;
		};
/* End XCConfigurationList section */
	};
	rootObject = DD026CF514F2EB4D00BCBFDA /* Project object */;
}
